
Microsoft Visual Studio Solution File, Format Version 12.00
# Visual Studio Version 16
VisualStudioVersion = 16.0.31702.278
MinimumVisualStudioVersion = 10.0.40219.1
Project("{9A19103F-16F7-4668-BE54-9A1E7A4F7556}") = "Odev", "Odev\Odev.csproj", "{775A540A-360C-44DB-B8DA-89EB3A13190B}"
EndProject
Project("{9A19103F-16F7-4668-BE54-9A1E7A4F7556}") = "ClassMetotDemo", "ClassMetotDemo\ClassMetotDemo.csproj", "{14AA1EE9-5089-4966-A642-1AEFC463A419}"
EndProject
Project("{FAE04EC0-301F-11D3-BF4B-00C04F79EFBC}") = "MyDictionary", "MyDictionary\MyDictionary.csproj", "{D9A6D718-C2D0-4A2F-8F82-83AB7C08E4A7}"
EndProject
Global
	GlobalSection(SolutionConfigurationPlatforms) = preSolution
		Debug|Any CPU = Debug|Any CPU
		Release|Any CPU = Release|Any CPU
	EndGlobalSection
	GlobalSection(ProjectConfigurationPlatforms) = postSolution
		{775A540A-360C-44DB-B8DA-89EB3A13190B}.Debug|Any CPU.ActiveCfg = Debug|Any CPU
		{775A540A-360C-44DB-B8DA-89EB3A13190B}.Debug|Any CPU.Build.0 = Debug|Any CPU
		{775A540A-360C-44DB-B8DA-89EB3A13190B}.Release|Any CPU.ActiveCfg = Release|Any CPU
		{775A540A-360C-44DB-B8DA-89EB3A13190B}.Release|Any CPU.Build.0 = Release|Any CPU
		{14AA1EE9-5089-4966-A642-1AEFC463A419}.Debug|Any CPU.ActiveCfg = Debug|Any CPU
		{14AA1EE9-5089-4966-A642-1AEFC463A419}.Debug|Any CPU.Build.0 = Debug|Any CPU
		{14AA1EE9-5089-4966-A642-1AEFC463A419}.Release|Any CPU.ActiveCfg = Release|Any CPU
		{14AA1EE9-5089-4966-A642-1AEFC463A419}.Release|Any CPU.Build.0 = Release|Any CPU
		{D9A6D718-C2D0-4A2F-8F82-83AB7C08E4A7}.Debug|Any CPU.ActiveCfg = Debug|Any CPU
		{D9A6D718-C2D0-4A2F-8F82-83AB7C08E4A7}.Debug|Any CPU.Build.0 = Debug|Any CPU
		{D9A6D718-C2D0-4A2F-8F82-83AB7C08E4A7}.Release|Any CPU.ActiveCfg = Release|Any CPU
		{D9A6D718-C2D0-4A2F-8F82-83AB7C08E4A7}.Release|Any CPU.Build.0 = Release|Any CPU
	EndGlobalSection
	GlobalSection(SolutionProperties) = preSolution
		HideSolutionNode = FALSE
	EndGlobalSection
	GlobalSection(ExtensibilityGlobals) = postSolution
		SolutionGuid = {DCF72F80-6173-4A1C-B338-5B96D635FDA3}
	EndGlobalSection
EndGlobal
